
Microsoft Visual Studio Solution File, Format Version 12.00
# Visual Studio Version 16
VisualStudioVersion = 16.0.31515.178
MinimumVisualStudioVersion = 10.0.40219.1
Project("{8BC9CEB8-8B4A-11D0-8D11-00A0C91BC942}") = "ProjectFolderGenerator", "ProjectFolderGenerator.vcxproj", "{ED838CB2-AE7F-4775-9D9F-1D3956CDA62F}"
EndProject
Global
	GlobalSection(SolutionConfigurationPlatforms) = preSolution
		Debug|x64 = Debug|x64
		Debug|x86 = Debug|x86
		Release|x64 = Release|x64
		Release|x86 = Release|x86
	EndGlobalSection
	GlobalSection(ProjectConfigurationPlatforms) = postSolution
		{ED838CB2-AE7F-4775-9D9F-1D3956CDA62F}.Debug|x64.ActiveCfg = Debug|x64
		{ED838CB2-AE7F-4775-9D9F-1D3956CDA62F}.Debug|x64.Build.0 = Debug|x64
		{ED838CB2-AE7F-4775-9D9F-1D3956CDA62F}.Debug|x86.ActiveCfg = Debug|Win32
		{ED838CB2-AE7F-4775-9D9F-1D3956CDA62F}.Debug|x86.Build.0 = Debug|Win32
		{ED838CB2-AE7F-4775-9D9F-1D3956CDA62F}.Release|x64.ActiveCfg = Release|x64
		{ED838CB2-AE7F-4775-9D9F-1D3956CDA62F}.Release|x64.Build.0 = Release|x64
		{ED838CB2-AE7F-4775-9D9F-1D3956CDA62F}.Release|x86.ActiveCfg = Release|Win32
		{ED838CB2-AE7F-4775-9D9F-1D3956CDA62F}.Release|x86.Build.0 = Release|Win32
	EndGlobalSection
	GlobalSection(SolutionProperties) = preSolution
		HideSolutionNode = FALSE
	EndGlobalSection
	GlobalSection(ExtensibilityGlobals) = postSolution
		SolutionGuid = {FF42823A-8858-482F-A735-29E6474272B8}
	EndGlobalSection
EndGlobal
